// !$*UTF8*$!
{
	archiveVersion = 1;
	classes = {
	};
	objectVersion = 56;
	objects = {

/* Begin PBXBuildFile section */
		0039E1E128F73B1E009DFDD4 /* WeatherListFactory.swift in Sources */ = {isa = PBXBuildFile; fileRef = 0039E1E028F73B1E009DFDD4 /* WeatherListFactory.swift */; };
		0039E1E328F73B43009DFDD4 /* WeatherListRouter.swift in Sources */ = {isa = PBXBuildFile; fileRef = 0039E1E228F73B43009DFDD4 /* WeatherListRouter.swift */; };
		0039E1E528F73B61009DFDD4 /* WeatherListProtocols.swift in Sources */ = {isa = PBXBuildFile; fileRef = 0039E1E428F73B61009DFDD4 /* WeatherListProtocols.swift */; };
		0039E1E728F73B8A009DFDD4 /* WeatherListViewController.swift in Sources */ = {isa = PBXBuildFile; fileRef = 0039E1E628F73B8A009DFDD4 /* WeatherListViewController.swift */; };
		0039E1E928F73BF0009DFDD4 /* WeatherListInteractor.swift in Sources */ = {isa = PBXBuildFile; fileRef = 0039E1E828F73BF0009DFDD4 /* WeatherListInteractor.swift */; };
		0039E1EB28F73C21009DFDD4 /* WeatherListPresenter.swift in Sources */ = {isa = PBXBuildFile; fileRef = 0039E1EA28F73C21009DFDD4 /* WeatherListPresenter.swift */; };
		0039E1EE28F73CE3009DFDD4 /* WeatherListViewModel.swift in Sources */ = {isa = PBXBuildFile; fileRef = 0039E1ED28F73CE3009DFDD4 /* WeatherListViewModel.swift */; };
		004D364728E7E20E0048F107 /* AppDelegate.swift in Sources */ = {isa = PBXBuildFile; fileRef = 004D364628E7E20E0048F107 /* AppDelegate.swift */; };
		004D364928E7E20E0048F107 /* SceneDelegate.swift in Sources */ = {isa = PBXBuildFile; fileRef = 004D364828E7E20E0048F107 /* SceneDelegate.swift */; };
		004D364B28E7E20E0048F107 /* WeatherViewController.swift in Sources */ = {isa = PBXBuildFile; fileRef = 004D364A28E7E20E0048F107 /* WeatherViewController.swift */; };
		004D365028E7E2110048F107 /* Assets.xcassets in Resources */ = {isa = PBXBuildFile; fileRef = 004D364F28E7E2110048F107 /* Assets.xcassets */; };
		004D365328E7E2110048F107 /* LaunchScreen.storyboard in Resources */ = {isa = PBXBuildFile; fileRef = 004D365128E7E2110048F107 /* LaunchScreen.storyboard */; };
		004D365E28E7E2110048F107 /* WeatherInteractorTests.swift in Sources */ = {isa = PBXBuildFile; fileRef = 004D365D28E7E2110048F107 /* WeatherInteractorTests.swift */; };
		004D367828E7E3680048F107 /* ViewCodeController.swift in Sources */ = {isa = PBXBuildFile; fileRef = 004D367728E7E3680048F107 /* ViewCodeController.swift */; };
		004D367B28E7E6C40048F107 /* UIFont+Extensions.swift in Sources */ = {isa = PBXBuildFile; fileRef = 004D367A28E7E6C40048F107 /* UIFont+Extensions.swift */; };
		004D367D28E7E84E0048F107 /* UIView+Extensions.swift in Sources */ = {isa = PBXBuildFile; fileRef = 004D367C28E7E84E0048F107 /* UIView+Extensions.swift */; };
		004D368028E7EAC60048F107 /* Spacing.swift in Sources */ = {isa = PBXBuildFile; fileRef = 004D367F28E7EAC60048F107 /* Spacing.swift */; };
		004D368328E7EB6E0048F107 /* WeatherProtocols.swift in Sources */ = {isa = PBXBuildFile; fileRef = 004D368228E7EB6E0048F107 /* WeatherProtocols.swift */; };
		004D368628E7EBA30048F107 /* WeatherState.swift in Sources */ = {isa = PBXBuildFile; fileRef = 004D368528E7EBA30048F107 /* WeatherState.swift */; };
		004D368828E7EBE00048F107 /* WeatherViewModel.swift in Sources */ = {isa = PBXBuildFile; fileRef = 004D368728E7EBE00048F107 /* WeatherViewModel.swift */; };
		004D368A28E7EC880048F107 /* WeatherError.swift in Sources */ = {isa = PBXBuildFile; fileRef = 004D368928E7EC880048F107 /* WeatherError.swift */; };
		004D368C28E7ECCA0048F107 /* HTTPError.swift in Sources */ = {isa = PBXBuildFile; fileRef = 004D368B28E7ECCA0048F107 /* HTTPError.swift */; };
		004D368E28E7EE920048F107 /* Weather.swift in Sources */ = {isa = PBXBuildFile; fileRef = 004D368D28E7EE920048F107 /* Weather.swift */; };
		004D369028E7EF620048F107 /* ConsolidatedWeather.swift in Sources */ = {isa = PBXBuildFile; fileRef = 004D368F28E7EF620048F107 /* ConsolidatedWeather.swift */; };
		004D369228E7F08B0048F107 /* WeatherFactory.swift in Sources */ = {isa = PBXBuildFile; fileRef = 004D369128E7F08B0048F107 /* WeatherFactory.swift */; };
		004D369428E7F0F20048F107 /* WeatherRouter.swift in Sources */ = {isa = PBXBuildFile; fileRef = 004D369328E7F0F20048F107 /* WeatherRouter.swift */; };
		004D369628E7F0FB0048F107 /* WeatherPresenter.swift in Sources */ = {isa = PBXBuildFile; fileRef = 004D369528E7F0FB0048F107 /* WeatherPresenter.swift */; };
		004D369828E7F4150048F107 /* WeatherInteractor.swift in Sources */ = {isa = PBXBuildFile; fileRef = 004D369728E7F4150048F107 /* WeatherInteractor.swift */; };
		004D369B28E7F4A80048F107 /* Network.swift in Sources */ = {isa = PBXBuildFile; fileRef = 004D369A28E7F4A80048F107 /* Network.swift */; };
		004D369D28E7F5920048F107 /* NetworkService.swift in Sources */ = {isa = PBXBuildFile; fileRef = 004D369C28E7F5920048F107 /* NetworkService.swift */; };
		004D369F28E809CD0048F107 /* UIImageView+Download.swift in Sources */ = {isa = PBXBuildFile; fileRef = 004D369E28E809CD0048F107 /* UIImageView+Download.swift */; };
		004D36A228EA20610048F107 /* WeatherPresenterSpy.swift in Sources */ = {isa = PBXBuildFile; fileRef = 004D36A128EA20610048F107 /* WeatherPresenterSpy.swift */; };
		004D36A428EA21B10048F107 /* NetworkServiceSpy.swift in Sources */ = {isa = PBXBuildFile; fileRef = 004D36A328EA21B10048F107 /* NetworkServiceSpy.swift */; };
		004D36A828EA23480048F107 /* WeatherResultMock.swift in Sources */ = {isa = PBXBuildFile; fileRef = 004D36A728EA23480048F107 /* WeatherResultMock.swift */; };
		004D36AA28EA23950048F107 /* WeatherMock.swift in Sources */ = {isa = PBXBuildFile; fileRef = 004D36A928EA23950048F107 /* WeatherMock.swift */; };
		004D36AC28EA25F60048F107 /* 4418.json in Resources */ = {isa = PBXBuildFile; fileRef = 004D36AB28EA25F60048F107 /* 4418.json */; };
		004D36AE28EA26620048F107 /* JSONHelper.swift in Sources */ = {isa = PBXBuildFile; fileRef = 004D36AD28EA26620048F107 /* JSONHelper.swift */; };
		004D36B228EA27C30048F107 /* empty.json in Resources */ = {isa = PBXBuildFile; fileRef = 004D36B128EA27C30048F107 /* empty.json */; };
		0081F4552BD2211000C348D3 /* WeatherFactoryTests.swift in Sources */ = {isa = PBXBuildFile; fileRef = 0081F4542BD2211000C348D3 /* WeatherFactoryTests.swift */; };
		0081F4572BD22A2E00C348D3 /* WeatherRouterSpy.swift in Sources */ = {isa = PBXBuildFile; fileRef = 0081F4562BD22A2E00C348D3 /* WeatherRouterSpy.swift */; };
		0081F45B2BD22C6B00C348D3 /* WeatherPresenterTests.swift in Sources */ = {isa = PBXBuildFile; fileRef = 0081F45A2BD22C6B00C348D3 /* WeatherPresenterTests.swift */; };
		0081F45D2BD22C9F00C348D3 /* WeatherViewControllerSpy.swift in Sources */ = {isa = PBXBuildFile; fileRef = 0081F45C2BD22C9F00C348D3 /* WeatherViewControllerSpy.swift */; };
		0081F45F2BD22E6800C348D3 /* WeatherViewModelMock.swift in Sources */ = {isa = PBXBuildFile; fileRef = 0081F45E2BD22E6800C348D3 /* WeatherViewModelMock.swift */; };
/* End PBXBuildFile section */

/* Begin PBXContainerItemProxy section */
		004D365A28E7E2110048F107 /* PBXContainerItemProxy */ = {
			isa = PBXContainerItemProxy;
			containerPortal = 004D363B28E7E20E0048F107 /* Project object */;
			proxyType = 1;
			remoteGlobalIDString = 004D364228E7E20E0048F107;
			remoteInfo = FairWeather;
		};
/* End PBXContainerItemProxy section */

/* Begin PBXFileReference section */
		0039E1E028F73B1E009DFDD4 /* WeatherListFactory.swift */ = {isa = PBXFileReference; lastKnownFileType = sourcecode.swift; path = WeatherListFactory.swift; sourceTree = "<group>"; };
		0039E1E228F73B43009DFDD4 /* WeatherListRouter.swift */ = {isa = PBXFileReference; lastKnownFileType = sourcecode.swift; path = WeatherListRouter.swift; sourceTree = "<group>"; };
		0039E1E428F73B61009DFDD4 /* WeatherListProtocols.swift */ = {isa = PBXFileReference; lastKnownFileType = sourcecode.swift; path = WeatherListProtocols.swift; sourceTree = "<group>"; };
		0039E1E628F73B8A009DFDD4 /* WeatherListViewController.swift */ = {isa = PBXFileReference; lastKnownFileType = sourcecode.swift; path = WeatherListViewController.swift; sourceTree = "<group>"; };
		0039E1E828F73BF0009DFDD4 /* WeatherListInteractor.swift */ = {isa = PBXFileReference; lastKnownFileType = sourcecode.swift; path = WeatherListInteractor.swift; sourceTree = "<group>"; };
		0039E1EA28F73C21009DFDD4 /* WeatherListPresenter.swift */ = {isa = PBXFileReference; lastKnownFileType = sourcecode.swift; path = WeatherListPresenter.swift; sourceTree = "<group>"; };
		0039E1ED28F73CE3009DFDD4 /* WeatherListViewModel.swift */ = {isa = PBXFileReference; lastKnownFileType = sourcecode.swift; path = WeatherListViewModel.swift; sourceTree = "<group>"; };
		004D364328E7E20E0048F107 /* FairWeather.app */ = {isa = PBXFileReference; explicitFileType = wrapper.application; includeInIndex = 0; path = FairWeather.app; sourceTree = BUILT_PRODUCTS_DIR; };
		004D364628E7E20E0048F107 /* AppDelegate.swift */ = {isa = PBXFileReference; lastKnownFileType = sourcecode.swift; path = AppDelegate.swift; sourceTree = "<group>"; };
		004D364828E7E20E0048F107 /* SceneDelegate.swift */ = {isa = PBXFileReference; lastKnownFileType = sourcecode.swift; path = SceneDelegate.swift; sourceTree = "<group>"; };
		004D364A28E7E20E0048F107 /* WeatherViewController.swift */ = {isa = PBXFileReference; lastKnownFileType = sourcecode.swift; path = WeatherViewController.swift; sourceTree = "<group>"; };
		004D364F28E7E2110048F107 /* Assets.xcassets */ = {isa = PBXFileReference; lastKnownFileType = folder.assetcatalog; path = Assets.xcassets; sourceTree = "<group>"; };
		004D365228E7E2110048F107 /* Base */ = {isa = PBXFileReference; lastKnownFileType = file.storyboard; name = Base; path = Base.lproj/LaunchScreen.storyboard; sourceTree = "<group>"; };
		004D365428E7E2110048F107 /* Info.plist */ = {isa = PBXFileReference; lastKnownFileType = text.plist.xml; path = Info.plist; sourceTree = "<group>"; };
		004D365928E7E2110048F107 /* FairWeatherTests.xctest */ = {isa = PBXFileReference; explicitFileType = wrapper.cfbundle; includeInIndex = 0; path = FairWeatherTests.xctest; sourceTree = BUILT_PRODUCTS_DIR; };
		004D365D28E7E2110048F107 /* WeatherInteractorTests.swift */ = {isa = PBXFileReference; lastKnownFileType = sourcecode.swift; path = WeatherInteractorTests.swift; sourceTree = "<group>"; };
		004D367728E7E3680048F107 /* ViewCodeController.swift */ = {isa = PBXFileReference; lastKnownFileType = sourcecode.swift; path = ViewCodeController.swift; sourceTree = "<group>"; };
		004D367A28E7E6C40048F107 /* UIFont+Extensions.swift */ = {isa = PBXFileReference; lastKnownFileType = sourcecode.swift; path = "UIFont+Extensions.swift"; sourceTree = "<group>"; };
		004D367C28E7E84E0048F107 /* UIView+Extensions.swift */ = {isa = PBXFileReference; lastKnownFileType = sourcecode.swift; path = "UIView+Extensions.swift"; sourceTree = "<group>"; };
		004D367F28E7EAC60048F107 /* Spacing.swift */ = {isa = PBXFileReference; lastKnownFileType = sourcecode.swift; path = Spacing.swift; sourceTree = "<group>"; };
		004D368228E7EB6E0048F107 /* WeatherProtocols.swift */ = {isa = PBXFileReference; lastKnownFileType = sourcecode.swift; path = WeatherProtocols.swift; sourceTree = "<group>"; };
		004D368528E7EBA30048F107 /* WeatherState.swift */ = {isa = PBXFileReference; lastKnownFileType = sourcecode.swift; path = WeatherState.swift; sourceTree = "<group>"; };
		004D368728E7EBE00048F107 /* WeatherViewModel.swift */ = {isa = PBXFileReference; lastKnownFileType = sourcecode.swift; path = WeatherViewModel.swift; sourceTree = "<group>"; };
		004D368928E7EC880048F107 /* WeatherError.swift */ = {isa = PBXFileReference; lastKnownFileType = sourcecode.swift; path = WeatherError.swift; sourceTree = "<group>"; };
		004D368B28E7ECCA0048F107 /* HTTPError.swift */ = {isa = PBXFileReference; lastKnownFileType = sourcecode.swift; path = HTTPError.swift; sourceTree = "<group>"; };
		004D368D28E7EE920048F107 /* Weather.swift */ = {isa = PBXFileReference; lastKnownFileType = sourcecode.swift; path = Weather.swift; sourceTree = "<group>"; };
		004D368F28E7EF620048F107 /* ConsolidatedWeather.swift */ = {isa = PBXFileReference; lastKnownFileType = sourcecode.swift; path = ConsolidatedWeather.swift; sourceTree = "<group>"; };
		004D369128E7F08B0048F107 /* WeatherFactory.swift */ = {isa = PBXFileReference; lastKnownFileType = sourcecode.swift; path = WeatherFactory.swift; sourceTree = "<group>"; };
		004D369328E7F0F20048F107 /* WeatherRouter.swift */ = {isa = PBXFileReference; lastKnownFileType = sourcecode.swift; path = WeatherRouter.swift; sourceTree = "<group>"; };
		004D369528E7F0FB0048F107 /* WeatherPresenter.swift */ = {isa = PBXFileReference; lastKnownFileType = sourcecode.swift; path = WeatherPresenter.swift; sourceTree = "<group>"; };
		004D369728E7F4150048F107 /* WeatherInteractor.swift */ = {isa = PBXFileReference; lastKnownFileType = sourcecode.swift; path = WeatherInteractor.swift; sourceTree = "<group>"; };
		004D369A28E7F4A80048F107 /* Network.swift */ = {isa = PBXFileReference; lastKnownFileType = sourcecode.swift; path = Network.swift; sourceTree = "<group>"; };
		004D369C28E7F5920048F107 /* NetworkService.swift */ = {isa = PBXFileReference; lastKnownFileType = sourcecode.swift; path = NetworkService.swift; sourceTree = "<group>"; };
		004D369E28E809CD0048F107 /* UIImageView+Download.swift */ = {isa = PBXFileReference; lastKnownFileType = sourcecode.swift; path = "UIImageView+Download.swift"; sourceTree = "<group>"; };
		004D36A128EA20610048F107 /* WeatherPresenterSpy.swift */ = {isa = PBXFileReference; lastKnownFileType = sourcecode.swift; path = WeatherPresenterSpy.swift; sourceTree = "<group>"; };
		004D36A328EA21B10048F107 /* NetworkServiceSpy.swift */ = {isa = PBXFileReference; lastKnownFileType = sourcecode.swift; path = NetworkServiceSpy.swift; sourceTree = "<group>"; };
		004D36A728EA23480048F107 /* WeatherResultMock.swift */ = {isa = PBXFileReference; lastKnownFileType = sourcecode.swift; path = WeatherResultMock.swift; sourceTree = "<group>"; };
		004D36A928EA23950048F107 /* WeatherMock.swift */ = {isa = PBXFileReference; lastKnownFileType = sourcecode.swift; path = WeatherMock.swift; sourceTree = "<group>"; };
		004D36AB28EA25F60048F107 /* 4418.json */ = {isa = PBXFileReference; lastKnownFileType = text.json; path = 4418.json; sourceTree = "<group>"; };
		004D36AD28EA26620048F107 /* JSONHelper.swift */ = {isa = PBXFileReference; lastKnownFileType = sourcecode.swift; path = JSONHelper.swift; sourceTree = "<group>"; };
		004D36B128EA27C30048F107 /* empty.json */ = {isa = PBXFileReference; lastKnownFileType = text.json; path = empty.json; sourceTree = "<group>"; };
		0081F4542BD2211000C348D3 /* WeatherFactoryTests.swift */ = {isa = PBXFileReference; lastKnownFileType = sourcecode.swift; path = WeatherFactoryTests.swift; sourceTree = "<group>"; };
		0081F4562BD22A2E00C348D3 /* WeatherRouterSpy.swift */ = {isa = PBXFileReference; lastKnownFileType = sourcecode.swift; path = WeatherRouterSpy.swift; sourceTree = "<group>"; };
		0081F45A2BD22C6B00C348D3 /* WeatherPresenterTests.swift */ = {isa = PBXFileReference; lastKnownFileType = sourcecode.swift; path = WeatherPresenterTests.swift; sourceTree = "<group>"; };
		0081F45C2BD22C9F00C348D3 /* WeatherViewControllerSpy.swift */ = {isa = PBXFileReference; lastKnownFileType = sourcecode.swift; path = WeatherViewControllerSpy.swift; sourceTree = "<group>"; };
		0081F45E2BD22E6800C348D3 /* WeatherViewModelMock.swift */ = {isa = PBXFileReference; lastKnownFileType = sourcecode.swift; path = WeatherViewModelMock.swift; sourceTree = "<group>"; };
		0081F4602BD2309B00C348D3 /* FairWeather.xctestplan */ = {isa = PBXFileReference; lastKnownFileType = text; path = FairWeather.xctestplan; sourceTree = "<group>"; };
/* End PBXFileReference section */

/* Begin PBXFrameworksBuildPhase section */
		004D364028E7E20E0048F107 /* Frameworks */ = {
			isa = PBXFrameworksBuildPhase;
			buildActionMask = 2147483647;
			files = (
			);
			runOnlyForDeploymentPostprocessing = 0;
		};
		004D365628E7E2110048F107 /* Frameworks */ = {
			isa = PBXFrameworksBuildPhase;
			buildActionMask = 2147483647;
			files = (
			);
			runOnlyForDeploymentPostprocessing = 0;
		};
/* End PBXFrameworksBuildPhase section */

/* Begin PBXGroup section */
		0039E1DF28F73AA6009DFDD4 /* WeatherListFeature */ = {
			isa = PBXGroup;
			children = (
				0039E1EC28F73CCF009DFDD4 /* Model */,
				0039E1E028F73B1E009DFDD4 /* WeatherListFactory.swift */,
				0039E1E228F73B43009DFDD4 /* WeatherListRouter.swift */,
				0039E1E428F73B61009DFDD4 /* WeatherListProtocols.swift */,
				0039E1E628F73B8A009DFDD4 /* WeatherListViewController.swift */,
				0039E1E828F73BF0009DFDD4 /* WeatherListInteractor.swift */,
				0039E1EA28F73C21009DFDD4 /* WeatherListPresenter.swift */,
			);
			path = WeatherListFeature;
			sourceTree = "<group>";
		};
		0039E1EC28F73CCF009DFDD4 /* Model */ = {
			isa = PBXGroup;
			children = (
				0039E1ED28F73CE3009DFDD4 /* WeatherListViewModel.swift */,
			);
			path = Model;
			sourceTree = "<group>";
		};
		004D363A28E7E20E0048F107 = {
			isa = PBXGroup;
			children = (
				0081F4602BD2309B00C348D3 /* FairWeather.xctestplan */,
				004D364528E7E20E0048F107 /* FairWeather */,
				004D365C28E7E2110048F107 /* FairWeatherTests */,
				004D364428E7E20E0048F107 /* Products */,
			);
			sourceTree = "<group>";
		};
		004D364428E7E20E0048F107 /* Products */ = {
			isa = PBXGroup;
			children = (
				004D364328E7E20E0048F107 /* FairWeather.app */,
				004D365928E7E2110048F107 /* FairWeatherTests.xctest */,
			);
			name = Products;
			sourceTree = "<group>";
		};
		004D364528E7E20E0048F107 /* FairWeather */ = {
			isa = PBXGroup;
			children = (
				0039E1DF28F73AA6009DFDD4 /* WeatherListFeature */,
				004D369928E7F49A0048F107 /* NetworkService */,
				004D368128E7EB580048F107 /* WeatherFeature */,
				004D367E28E7EA970048F107 /* Util */,
				004D367928E7E6320048F107 /* Extensions */,
				004D367628E7E3480048F107 /* Base */,
				004D364628E7E20E0048F107 /* AppDelegate.swift */,
				004D364828E7E20E0048F107 /* SceneDelegate.swift */,
				004D364F28E7E2110048F107 /* Assets.xcassets */,
				004D365128E7E2110048F107 /* LaunchScreen.storyboard */,
				004D365428E7E2110048F107 /* Info.plist */,
			);
			path = FairWeather;
			sourceTree = "<group>";
		};
		004D365C28E7E2110048F107 /* FairWeatherTests */ = {
			isa = PBXGroup;
			children = (
				0081F4532BD220FC00C348D3 /* WeatherFeature */,
				004D36A628EA23330048F107 /* JSON */,
				004D36A028EA20450048F107 /* Spies */,
			);
			path = FairWeatherTests;
			sourceTree = "<group>";
		};
		004D367628E7E3480048F107 /* Base */ = {
			isa = PBXGroup;
			children = (
				004D367728E7E3680048F107 /* ViewCodeController.swift */,
				004D368B28E7ECCA0048F107 /* HTTPError.swift */,
			);
			path = Base;
			sourceTree = "<group>";
		};
		004D367928E7E6320048F107 /* Extensions */ = {
			isa = PBXGroup;
			children = (
				004D367A28E7E6C40048F107 /* UIFont+Extensions.swift */,
				004D367C28E7E84E0048F107 /* UIView+Extensions.swift */,
				004D369E28E809CD0048F107 /* UIImageView+Download.swift */,
			);
			path = Extensions;
			sourceTree = "<group>";
		};
		004D367E28E7EA970048F107 /* Util */ = {
			isa = PBXGroup;
			children = (
				004D367F28E7EAC60048F107 /* Spacing.swift */,
			);
			path = Util;
			sourceTree = "<group>";
		};
		004D368128E7EB580048F107 /* WeatherFeature */ = {
			isa = PBXGroup;
			children = (
				004D368428E7EB930048F107 /* Model */,
				004D364A28E7E20E0048F107 /* WeatherViewController.swift */,
				004D369128E7F08B0048F107 /* WeatherFactory.swift */,
				004D369528E7F0FB0048F107 /* WeatherPresenter.swift */,
				004D368228E7EB6E0048F107 /* WeatherProtocols.swift */,
				004D369328E7F0F20048F107 /* WeatherRouter.swift */,
				004D369728E7F4150048F107 /* WeatherInteractor.swift */,
			);
			path = WeatherFeature;
			sourceTree = "<group>";
		};
		004D368428E7EB930048F107 /* Model */ = {
			isa = PBXGroup;
			children = (
				004D368528E7EBA30048F107 /* WeatherState.swift */,
				004D368728E7EBE00048F107 /* WeatherViewModel.swift */,
				004D368928E7EC880048F107 /* WeatherError.swift */,
				004D368D28E7EE920048F107 /* Weather.swift */,
				004D368F28E7EF620048F107 /* ConsolidatedWeather.swift */,
			);
			path = Model;
			sourceTree = "<group>";
		};
		004D369928E7F49A0048F107 /* NetworkService */ = {
			isa = PBXGroup;
			children = (
				004D369A28E7F4A80048F107 /* Network.swift */,
				004D369C28E7F5920048F107 /* NetworkService.swift */,
			);
			path = NetworkService;
			sourceTree = "<group>";
		};
		004D36A028EA20450048F107 /* Spies */ = {
			isa = PBXGroup;
			children = (
				004D36A328EA21B10048F107 /* NetworkServiceSpy.swift */,
			);
			path = Spies;
			sourceTree = "<group>";
		};
		004D36A528EA23290048F107 /* Mocks */ = {
			isa = PBXGroup;
			children = (
				0081F4592BD22A4D00C348D3 /* JSON */,
				004D36A728EA23480048F107 /* WeatherResultMock.swift */,
				004D36A928EA23950048F107 /* WeatherMock.swift */,
				0081F45E2BD22E6800C348D3 /* WeatherViewModelMock.swift */,
			);
			path = Mocks;
			sourceTree = "<group>";
		};
		004D36A628EA23330048F107 /* JSON */ = {
			isa = PBXGroup;
			children = (
				004D36AD28EA26620048F107 /* JSONHelper.swift */,
			);
			path = JSON;
			sourceTree = "<group>";
		};
		0081F4532BD220FC00C348D3 /* WeatherFeature */ = {
			isa = PBXGroup;
			children = (
				004D36A528EA23290048F107 /* Mocks */,
				0081F4582BD22A3700C348D3 /* Spies */,
				004D365D28E7E2110048F107 /* WeatherInteractorTests.swift */,
				0081F4542BD2211000C348D3 /* WeatherFactoryTests.swift */,
				0081F45A2BD22C6B00C348D3 /* WeatherPresenterTests.swift */,
			);
			path = WeatherFeature;
			sourceTree = "<group>";
		};
		0081F4582BD22A3700C348D3 /* Spies */ = {
			isa = PBXGroup;
			children = (
				004D36A128EA20610048F107 /* WeatherPresenterSpy.swift */,
				0081F4562BD22A2E00C348D3 /* WeatherRouterSpy.swift */,
				0081F45C2BD22C9F00C348D3 /* WeatherViewControllerSpy.swift */,
			);
			path = Spies;
			sourceTree = "<group>";
		};
		0081F4592BD22A4D00C348D3 /* JSON */ = {
			isa = PBXGroup;
			children = (
				004D36B128EA27C30048F107 /* empty.json */,
				004D36AB28EA25F60048F107 /* 4418.json */,
			);
			path = JSON;
			sourceTree = "<group>";
		};
/* End PBXGroup section */

/* Begin PBXNativeTarget section */
		004D364228E7E20E0048F107 /* FairWeather */ = {
			isa = PBXNativeTarget;
			buildConfigurationList = 004D366D28E7E2110048F107 /* Build configuration list for PBXNativeTarget "FairWeather" */;
			buildPhases = (
				004D363F28E7E20E0048F107 /* Sources */,
				004D364028E7E20E0048F107 /* Frameworks */,
				004D364128E7E20E0048F107 /* Resources */,
			);
			buildRules = (
			);
			dependencies = (
				00F054362BD389130000155A /* PBXTargetDependency */,
			);
			name = FairWeather;
			packageProductDependencies = (
			);
			productName = FairWeather;
			productReference = 004D364328E7E20E0048F107 /* FairWeather.app */;
			productType = "com.apple.product-type.application";
		};
		004D365828E7E2110048F107 /* FairWeatherTests */ = {
			isa = PBXNativeTarget;
			buildConfigurationList = 004D367028E7E2110048F107 /* Build configuration list for PBXNativeTarget "FairWeatherTests" */;
			buildPhases = (
				004D365528E7E2110048F107 /* Sources */,
				004D365628E7E2110048F107 /* Frameworks */,
				004D365728E7E2110048F107 /* Resources */,
			);
			buildRules = (
			);
			dependencies = (
				004D365B28E7E2110048F107 /* PBXTargetDependency */,
			);
			name = FairWeatherTests;
			productName = FairWeatherTests;
			productReference = 004D365928E7E2110048F107 /* FairWeatherTests.xctest */;
			productType = "com.apple.product-type.bundle.unit-test";
		};
/* End PBXNativeTarget section */

/* Begin PBXProject section */
		004D363B28E7E20E0048F107 /* Project object */ = {
			isa = PBXProject;
			attributes = {
				BuildIndependentTargetsInParallel = 1;
				LastSwiftUpdateCheck = 1400;
				LastUpgradeCheck = 1400;
				TargetAttributes = {
					004D364228E7E20E0048F107 = {
						CreatedOnToolsVersion = 14.0.1;
					};
					004D365828E7E2110048F107 = {
						CreatedOnToolsVersion = 14.0.1;
						TestTargetID = 004D364228E7E20E0048F107;
					};
				};
			};
			buildConfigurationList = 004D363E28E7E20E0048F107 /* Build configuration list for PBXProject "FairWeather" */;
			compatibilityVersion = "Xcode 14.0";
			developmentRegion = en;
			hasScannedForEncodings = 0;
			knownRegions = (
				en,
				Base,
			);
			mainGroup = 004D363A28E7E20E0048F107;
			packageReferences = (
				00F054342BD389070000155A /* XCRemoteSwiftPackageReference "SwiftLint" */,
			);
			productRefGroup = 004D364428E7E20E0048F107 /* Products */;
			projectDirPath = "";
			projectRoot = "";
			targets = (
				004D364228E7E20E0048F107 /* FairWeather */,
				004D365828E7E2110048F107 /* FairWeatherTests */,
			);
		};
/* End PBXProject section */

/* Begin PBXResourcesBuildPhase section */
		004D364128E7E20E0048F107 /* Resources */ = {
			isa = PBXResourcesBuildPhase;
			buildActionMask = 2147483647;
			files = (
				004D365328E7E2110048F107 /* LaunchScreen.storyboard in Resources */,
				004D365028E7E2110048F107 /* Assets.xcassets in Resources */,
			);
			runOnlyForDeploymentPostprocessing = 0;
		};
		004D365728E7E2110048F107 /* Resources */ = {
			isa = PBXResourcesBuildPhase;
			buildActionMask = 2147483647;
			files = (
				004D36AC28EA25F60048F107 /* 4418.json in Resources */,
				004D36B228EA27C30048F107 /* empty.json in Resources */,
			);
			runOnlyForDeploymentPostprocessing = 0;
		};
/* End PBXResourcesBuildPhase section */

/* Begin PBXSourcesBuildPhase section */
		004D363F28E7E20E0048F107 /* Sources */ = {
			isa = PBXSourcesBuildPhase;
			buildActionMask = 2147483647;
			files = (
				004D368028E7EAC60048F107 /* Spacing.swift in Sources */,
				004D367D28E7E84E0048F107 /* UIView+Extensions.swift in Sources */,
				004D364B28E7E20E0048F107 /* WeatherViewController.swift in Sources */,
				0039E1E128F73B1E009DFDD4 /* WeatherListFactory.swift in Sources */,
				004D369228E7F08B0048F107 /* WeatherFactory.swift in Sources */,
				0039E1E728F73B8A009DFDD4 /* WeatherListViewController.swift in Sources */,
				004D369028E7EF620048F107 /* ConsolidatedWeather.swift in Sources */,
				0039E1E528F73B61009DFDD4 /* WeatherListProtocols.swift in Sources */,
				004D367828E7E3680048F107 /* ViewCodeController.swift in Sources */,
				004D368C28E7ECCA0048F107 /* HTTPError.swift in Sources */,
				004D364728E7E20E0048F107 /* AppDelegate.swift in Sources */,
				004D368828E7EBE00048F107 /* WeatherViewModel.swift in Sources */,
				004D369628E7F0FB0048F107 /* WeatherPresenter.swift in Sources */,
				004D369D28E7F5920048F107 /* NetworkService.swift in Sources */,
				0039E1EB28F73C21009DFDD4 /* WeatherListPresenter.swift in Sources */,
				004D368A28E7EC880048F107 /* WeatherError.swift in Sources */,
				004D369F28E809CD0048F107 /* UIImageView+Download.swift in Sources */,
				0039E1EE28F73CE3009DFDD4 /* WeatherListViewModel.swift in Sources */,
				004D368E28E7EE920048F107 /* Weather.swift in Sources */,
				004D367B28E7E6C40048F107 /* UIFont+Extensions.swift in Sources */,
				004D368328E7EB6E0048F107 /* WeatherProtocols.swift in Sources */,
				0039E1E928F73BF0009DFDD4 /* WeatherListInteractor.swift in Sources */,
				0039E1E328F73B43009DFDD4 /* WeatherListRouter.swift in Sources */,
				004D368628E7EBA30048F107 /* WeatherState.swift in Sources */,
				004D369B28E7F4A80048F107 /* Network.swift in Sources */,
				004D364928E7E20E0048F107 /* SceneDelegate.swift in Sources */,
				004D369428E7F0F20048F107 /* WeatherRouter.swift in Sources */,
				004D369828E7F4150048F107 /* WeatherInteractor.swift in Sources */,
			);
			runOnlyForDeploymentPostprocessing = 0;
		};
		004D365528E7E2110048F107 /* Sources */ = {
			isa = PBXSourcesBuildPhase;
			buildActionMask = 2147483647;
			files = (
				0081F45D2BD22C9F00C348D3 /* WeatherViewControllerSpy.swift in Sources */,
				004D36A428EA21B10048F107 /* NetworkServiceSpy.swift in Sources */,
				0081F4552BD2211000C348D3 /* WeatherFactoryTests.swift in Sources */,
				0081F45F2BD22E6800C348D3 /* WeatherViewModelMock.swift in Sources */,
				0081F45B2BD22C6B00C348D3 /* WeatherPresenterTests.swift in Sources */,
				004D36AA28EA23950048F107 /* WeatherMock.swift in Sources */,
				004D36A228EA20610048F107 /* WeatherPresenterSpy.swift in Sources */,
				004D36AE28EA26620048F107 /* JSONHelper.swift in Sources */,
				004D365E28E7E2110048F107 /* WeatherInteractorTests.swift in Sources */,
				0081F4572BD22A2E00C348D3 /* WeatherRouterSpy.swift in Sources */,
				004D36A828EA23480048F107 /* WeatherResultMock.swift in Sources */,
			);
			runOnlyForDeploymentPostprocessing = 0;
		};
/* End PBXSourcesBuildPhase section */

/* Begin PBXTargetDependency section */
		004D365B28E7E2110048F107 /* PBXTargetDependency */ = {
			isa = PBXTargetDependency;
			target = 004D364228E7E20E0048F107 /* FairWeather */;
			targetProxy = 004D365A28E7E2110048F107 /* PBXContainerItemProxy */;
		};
		00F054362BD389130000155A /* PBXTargetDependency */ = {
			isa = PBXTargetDependency;
			productRef = 00F054352BD389130000155A /* SwiftLintPlugin */;
		};
/* End PBXTargetDependency section */

/* Begin PBXVariantGroup section */
		004D365128E7E2110048F107 /* LaunchScreen.storyboard */ = {
			isa = PBXVariantGroup;
			children = (
				004D365228E7E2110048F107 /* Base */,
			);
			name = LaunchScreen.storyboard;
			sourceTree = "<group>";
		};
/* End PBXVariantGroup section */

/* Begin XCBuildConfiguration section */
		004D366B28E7E2110048F107 /* Debug */ = {
			isa = XCBuildConfiguration;
			buildSettings = {
				ALWAYS_SEARCH_USER_PATHS = NO;
				CLANG_ANALYZER_NONNULL = YES;
				CLANG_ANALYZER_NUMBER_OBJECT_CONVERSION = YES_AGGRESSIVE;
				CLANG_CXX_LANGUAGE_STANDARD = "gnu++20";
				CLANG_ENABLE_MODULES = YES;
				CLANG_ENABLE_OBJC_ARC = YES;
				CLANG_ENABLE_OBJC_WEAK = YES;
				CLANG_WARN_BLOCK_CAPTURE_AUTORELEASING = YES;
				CLANG_WARN_BOOL_CONVERSION = YES;
				CLANG_WARN_COMMA = YES;
				CLANG_WARN_CONSTANT_CONVERSION = YES;
				CLANG_WARN_DEPRECATED_OBJC_IMPLEMENTATIONS = YES;
				CLANG_WARN_DIRECT_OBJC_ISA_USAGE = YES_ERROR;
				CLANG_WARN_DOCUMENTATION_COMMENTS = YES;
				CLANG_WARN_EMPTY_BODY = YES;
				CLANG_WARN_ENUM_CONVERSION = YES;
				CLANG_WARN_INFINITE_RECURSION = YES;
				CLANG_WARN_INT_CONVERSION = YES;
				CLANG_WARN_NON_LITERAL_NULL_CONVERSION = YES;
				CLANG_WARN_OBJC_IMPLICIT_RETAIN_SELF = YES;
				CLANG_WARN_OBJC_LITERAL_CONVERSION = YES;
				CLANG_WARN_OBJC_ROOT_CLASS = YES_ERROR;
				CLANG_WARN_QUOTED_INCLUDE_IN_FRAMEWORK_HEADER = YES;
				CLANG_WARN_RANGE_LOOP_ANALYSIS = YES;
				CLANG_WARN_STRICT_PROTOTYPES = YES;
				CLANG_WARN_SUSPICIOUS_MOVE = YES;
				CLANG_WARN_UNGUARDED_AVAILABILITY = YES_AGGRESSIVE;
				CLANG_WARN_UNREACHABLE_CODE = YES;
				CLANG_WARN__DUPLICATE_METHOD_MATCH = YES;
				COPY_PHASE_STRIP = NO;
				DEBUG_INFORMATION_FORMAT = dwarf;
				ENABLE_STRICT_OBJC_MSGSEND = YES;
				ENABLE_TESTABILITY = YES;
				GCC_C_LANGUAGE_STANDARD = gnu11;
				GCC_DYNAMIC_NO_PIC = NO;
				GCC_NO_COMMON_BLOCKS = YES;
				GCC_OPTIMIZATION_LEVEL = 0;
				GCC_PREPROCESSOR_DEFINITIONS = (
					"DEBUG=1",
					"$(inherited)",
				);
				GCC_WARN_64_TO_32_BIT_CONVERSION = YES;
				GCC_WARN_ABOUT_RETURN_TYPE = YES_ERROR;
				GCC_WARN_UNDECLARED_SELECTOR = YES;
				GCC_WARN_UNINITIALIZED_AUTOS = YES_AGGRESSIVE;
				GCC_WARN_UNUSED_FUNCTION = YES;
				GCC_WARN_UNUSED_VARIABLE = YES;
				IPHONEOS_DEPLOYMENT_TARGET = 16.0;
				MTL_ENABLE_DEBUG_INFO = INCLUDE_SOURCE;
				MTL_FAST_MATH = YES;
				ONLY_ACTIVE_ARCH = YES;
				SDKROOT = iphoneos;
				SWIFT_ACTIVE_COMPILATION_CONDITIONS = DEBUG;
				SWIFT_OPTIMIZATION_LEVEL = "-Onone";
			};
			name = Debug;
		};
		004D366C28E7E2110048F107 /* Release */ = {
			isa = XCBuildConfiguration;
			buildSettings = {
				ALWAYS_SEARCH_USER_PATHS = NO;
				CLANG_ANALYZER_NONNULL = YES;
				CLANG_ANALYZER_NUMBER_OBJECT_CONVERSION = YES_AGGRESSIVE;
				CLANG_CXX_LANGUAGE_STANDARD = "gnu++20";
				CLANG_ENABLE_MODULES = YES;
				CLANG_ENABLE_OBJC_ARC = YES;
				CLANG_ENABLE_OBJC_WEAK = YES;
				CLANG_WARN_BLOCK_CAPTURE_AUTORELEASING = YES;
				CLANG_WARN_BOOL_CONVERSION = YES;
				CLANG_WARN_COMMA = YES;
				CLANG_WARN_CONSTANT_CONVERSION = YES;
				CLANG_WARN_DEPRECATED_OBJC_IMPLEMENTATIONS = YES;
				CLANG_WARN_DIRECT_OBJC_ISA_USAGE = YES_ERROR;
				CLANG_WARN_DOCUMENTATION_COMMENTS = YES;
				CLANG_WARN_EMPTY_BODY = YES;
				CLANG_WARN_ENUM_CONVERSION = YES;
				CLANG_WARN_INFINITE_RECURSION = YES;
				CLANG_WARN_INT_CONVERSION = YES;
				CLANG_WARN_NON_LITERAL_NULL_CONVERSION = YES;
				CLANG_WARN_OBJC_IMPLICIT_RETAIN_SELF = YES;
				CLANG_WARN_OBJC_LITERAL_CONVERSION = YES;
				CLANG_WARN_OBJC_ROOT_CLASS = YES_ERROR;
				CLANG_WARN_QUOTED_INCLUDE_IN_FRAMEWORK_HEADER = YES;
				CLANG_WARN_RANGE_LOOP_ANALYSIS = YES;
				CLANG_WARN_STRICT_PROTOTYPES = YES;
				CLANG_WARN_SUSPICIOUS_MOVE = YES;
				CLANG_WARN_UNGUARDED_AVAILABILITY = YES_AGGRESSIVE;
				CLANG_WARN_UNREACHABLE_CODE = YES;
				CLANG_WARN__DUPLICATE_METHOD_MATCH = YES;
				COPY_PHASE_STRIP = NO;
				DEBUG_INFORMATION_FORMAT = "dwarf-with-dsym";
				ENABLE_NS_ASSERTIONS = NO;
				ENABLE_STRICT_OBJC_MSGSEND = YES;
				GCC_C_LANGUAGE_STANDARD = gnu11;
				GCC_NO_COMMON_BLOCKS = YES;
				GCC_WARN_64_TO_32_BIT_CONVERSION = YES;
				GCC_WARN_ABOUT_RETURN_TYPE = YES_ERROR;
				GCC_WARN_UNDECLARED_SELECTOR = YES;
				GCC_WARN_UNINITIALIZED_AUTOS = YES_AGGRESSIVE;
				GCC_WARN_UNUSED_FUNCTION = YES;
				GCC_WARN_UNUSED_VARIABLE = YES;
				IPHONEOS_DEPLOYMENT_TARGET = 16.0;
				MTL_ENABLE_DEBUG_INFO = NO;
				MTL_FAST_MATH = YES;
				SDKROOT = iphoneos;
				SWIFT_COMPILATION_MODE = wholemodule;
				SWIFT_OPTIMIZATION_LEVEL = "-O";
				VALIDATE_PRODUCT = YES;
			};
			name = Release;
		};
		004D366E28E7E2110048F107 /* Debug */ = {
			isa = XCBuildConfiguration;
			buildSettings = {
				ASSETCATALOG_COMPILER_APPICON_NAME = AppIcon;
				ASSETCATALOG_COMPILER_GLOBAL_ACCENT_COLOR_NAME = AccentColor;
				CODE_SIGN_STYLE = Automatic;
				CURRENT_PROJECT_VERSION = 1;
				DEVELOPMENT_TEAM = 54MQQS737M;
				GENERATE_INFOPLIST_FILE = YES;
				INFOPLIST_FILE = FairWeather/Info.plist;
				INFOPLIST_KEY_UIApplicationSupportsIndirectInputEvents = YES;
				INFOPLIST_KEY_UILaunchStoryboardName = LaunchScreen.storyboard;
				INFOPLIST_KEY_UISupportedInterfaceOrientations_iPad = "UIInterfaceOrientationPortrait UIInterfaceOrientationPortraitUpsideDown UIInterfaceOrientationLandscapeLeft UIInterfaceOrientationLandscapeRight";
				INFOPLIST_KEY_UISupportedInterfaceOrientations_iPhone = "UIInterfaceOrientationPortrait UIInterfaceOrientationLandscapeLeft UIInterfaceOrientationLandscapeRight";
				IPHONEOS_DEPLOYMENT_TARGET = 16.4;
				LD_RUNPATH_SEARCH_PATHS = (
					"$(inherited)",
					"@executable_path/Frameworks",
				);
				MARKETING_VERSION = 1.0;
				PRODUCT_BUNDLE_IDENTIFIER = com.gabecode.FairWeather;
				PRODUCT_NAME = "$(TARGET_NAME)";
				SWIFT_EMIT_LOC_STRINGS = YES;
				SWIFT_VERSION = 5.0;
				TARGETED_DEVICE_FAMILY = "1,2";
			};
			name = Debug;
		};
		004D366F28E7E2110048F107 /* Release */ = {
			isa = XCBuildConfiguration;
			buildSettings = {
				ASSETCATALOG_COMPILER_APPICON_NAME = AppIcon;
				ASSETCATALOG_COMPILER_GLOBAL_ACCENT_COLOR_NAME = AccentColor;
				CODE_SIGN_STYLE = Automatic;
				CURRENT_PROJECT_VERSION = 1;
				DEVELOPMENT_TEAM = 54MQQS737M;
				GENERATE_INFOPLIST_FILE = YES;
				INFOPLIST_FILE = FairWeather/Info.plist;
				INFOPLIST_KEY_UIApplicationSupportsIndirectInputEvents = YES;
				INFOPLIST_KEY_UILaunchStoryboardName = LaunchScreen.storyboard;
				INFOPLIST_KEY_UISupportedInterfaceOrientations_iPad = "UIInterfaceOrientationPortrait UIInterfaceOrientationPortraitUpsideDown UIInterfaceOrientationLandscapeLeft UIInterfaceOrientationLandscapeRight";
				INFOPLIST_KEY_UISupportedInterfaceOrientations_iPhone = "UIInterfaceOrientationPortrait UIInterfaceOrientationLandscapeLeft UIInterfaceOrientationLandscapeRight";
				IPHONEOS_DEPLOYMENT_TARGET = 16.4;
				LD_RUNPATH_SEARCH_PATHS = (
					"$(inherited)",
					"@executable_path/Frameworks",
				);
				MARKETING_VERSION = 1.0;
				PRODUCT_BUNDLE_IDENTIFIER = com.gabecode.FairWeather;
				PRODUCT_NAME = "$(TARGET_NAME)";
				SWIFT_EMIT_LOC_STRINGS = YES;
				SWIFT_VERSION = 5.0;
				TARGETED_DEVICE_FAMILY = "1,2";
			};
			name = Release;
		};
		004D367128E7E2110048F107 /* Debug */ = {
			isa = XCBuildConfiguration;
			buildSettings = {
				ALWAYS_EMBED_SWIFT_STANDARD_LIBRARIES = YES;
				BUNDLE_LOADER = "$(TEST_HOST)";
				CODE_SIGN_STYLE = Automatic;
				CURRENT_PROJECT_VERSION = 1;
				DEVELOPMENT_TEAM = 54MQQS737M;
				GENERATE_INFOPLIST_FILE = YES;
				IPHONEOS_DEPLOYMENT_TARGET = 16.0;
				MARKETING_VERSION = 1.0;
				PRODUCT_BUNDLE_IDENTIFIER = com.gabecode.FairWeatherTests;
				PRODUCT_NAME = "$(TARGET_NAME)";
				SWIFT_EMIT_LOC_STRINGS = NO;
				SWIFT_VERSION = 5.0;
				TARGETED_DEVICE_FAMILY = "1,2";
				TEST_HOST = "$(BUILT_PRODUCTS_DIR)/FairWeather.app/$(BUNDLE_EXECUTABLE_FOLDER_PATH)/FairWeather";
			};
			name = Debug;
		};
		004D367228E7E2110048F107 /* Release */ = {
			isa = XCBuildConfiguration;
			buildSettings = {
				ALWAYS_EMBED_SWIFT_STANDARD_LIBRARIES = YES;
				BUNDLE_LOADER = "$(TEST_HOST)";
				CODE_SIGN_STYLE = Automatic;
				CURRENT_PROJECT_VERSION = 1;
				DEVELOPMENT_TEAM = 54MQQS737M;
				GENERATE_INFOPLIST_FILE = YES;
				IPHONEOS_DEPLOYMENT_TARGET = 16.0;
				MARKETING_VERSION = 1.0;
				PRODUCT_BUNDLE_IDENTIFIER = com.gabecode.FairWeatherTests;
				PRODUCT_NAME = "$(TARGET_NAME)";
				SWIFT_EMIT_LOC_STRINGS = NO;
				SWIFT_VERSION = 5.0;
				TARGETED_DEVICE_FAMILY = "1,2";
				TEST_HOST = "$(BUILT_PRODUCTS_DIR)/FairWeather.app/$(BUNDLE_EXECUTABLE_FOLDER_PATH)/FairWeather";
			};
			name = Release;
		};
/* End XCBuildConfiguration section */

/* Begin XCConfigurationList section */
		004D363E28E7E20E0048F107 /* Build configuration list for PBXProject "FairWeather" */ = {
			isa = XCConfigurationList;
			buildConfigurations = (
				004D366B28E7E2110048F107 /* Debug */,
				004D366C28E7E2110048F107 /* Release */,
			);
			defaultConfigurationIsVisible = 0;
			defaultConfigurationName = Release;
		};
		004D366D28E7E2110048F107 /* Build configuration list for PBXNativeTarget "FairWeather" */ = {
			isa = XCConfigurationList;
			buildConfigurations = (
				004D366E28E7E2110048F107 /* Debug */,
				004D366F28E7E2110048F107 /* Release */,
			);
			defaultConfigurationIsVisible = 0;
			defaultConfigurationName = Release;
		};
		004D367028E7E2110048F107 /* Build configuration list for PBXNativeTarget "FairWeatherTests" */ = {
			isa = XCConfigurationList;
			buildConfigurations = (
				004D367128E7E2110048F107 /* Debug */,
				004D367228E7E2110048F107 /* Release */,
			);
			defaultConfigurationIsVisible = 0;
			defaultConfigurationName = Release;
		};
/* End XCConfigurationList section */

/* Begin XCRemoteSwiftPackageReference section */
		00F054342BD389070000155A /* XCRemoteSwiftPackageReference "SwiftLint" */ = {
			isa = XCRemoteSwiftPackageReference;
			repositoryURL = "https://github.com/realm/SwiftLint.git";
			requirement = {
				kind = exactVersion;
				version = 0.53.0;
			};
		};
/* End XCRemoteSwiftPackageReference section */

/* Begin XCSwiftPackageProductDependency section */
		00F054352BD389130000155A /* SwiftLintPlugin */ = {
			isa = XCSwiftPackageProductDependency;
			package = 00F054342BD389070000155A /* XCRemoteSwiftPackageReference "SwiftLint" */;
			productName = "plugin:SwiftLintPlugin";
		};
/* End XCSwiftPackageProductDependency section */
	};
	rootObject = 004D363B28E7E20E0048F107 /* Project object */;
}
